// !$*UTF8*$!
{
	archiveVersion = 1;
	classes = {
	};
	objectVersion = 45;
	objects = {

/* Begin PBXBuildFile section */
		3D0E843D0EC3EA940022EEE4 /* SugarManager.sugar in Copy To Espresso */ = {isa = PBXBuildFile; fileRef = 8D5B49B6048680CD000E48DA /* SugarManager.sugar */; };
		518DACC70F103D7200BAAF3E /* Languages.xml in Copy Languages.xml */ = {isa = PBXBuildFile; fileRef = 51C019F60F0D3DAC007CA021 /* Languages.xml */; };
		51C0166A0F0C6E38007CA021 /* SugarManager.xib in Resources */ = {isa = PBXBuildFile; fileRef = 51C016690F0C6E38007CA021 /* SugarManager.xib */; };
		51C017470F0C7724007CA021 /* YRSugarManagerController.m in Sources */ = {isa = PBXBuildFile; fileRef = 51C017440F0C7724007CA021 /* YRSugarManagerController.m */; };
		51C017480F0C7724007CA021 /* YRSugarManagerOpeningAction.m in Sources */ = {isa = PBXBuildFile; fileRef = 51C017460F0C7724007CA021 /* YRSugarManagerOpeningAction.m */; };
		51C017690F0C7C23007CA021 /* YRSugarRepresentation.m in Sources */ = {isa = PBXBuildFile; fileRef = 51C017680F0C7C23007CA021 /* YRSugarRepresentation.m */; };
		51FCBE230F10390600FAEA4F /* Actions.xml in Copy FileActions */ = {isa = PBXBuildFile; fileRef = 51C0172F0F0C7651007CA021 /* Actions.xml */; };
		51FCBE240F10390600FAEA4F /* Categories.xml in Copy FileActions */ = {isa = PBXBuildFile; fileRef = 51C017300F0C7651007CA021 /* Categories.xml */; };
		8D5B49B0048680CD000E48DA /* InfoPlist.strings in Resources */ = {isa = PBXBuildFile; fileRef = 089C167DFE841241C02AAC07 /* InfoPlist.strings */; };
		8D5B49B4048680CD000E48DA /* Cocoa.framework in Frameworks */ = {isa = PBXBuildFile; fileRef = 1058C7ADFEA557BF11CA2CBB /* Cocoa.framework */; };
/* End PBXBuildFile section */

/* Begin PBXCopyFilesBuildPhase section */
		3D0E84440EC3EAA80022EEE4 /* Copy To Espresso */ = {
			isa = PBXCopyFilesBuildPhase;
			buildActionMask = 2147483647;
			dstPath = "~/Library/Application Support/Espresso/Sugars";
			dstSubfolderSpec = 0;
			files = (
				3D0E843D0EC3EA940022EEE4 /* SugarManager.sugar in Copy To Espresso */,
			);
			name = "Copy To Espresso";
			runOnlyForDeploymentPostprocessing = 0;
		};
		518DACD30F103D7E00BAAF3E /* Copy Languages.xml */ = {
			isa = PBXCopyFilesBuildPhase;
			buildActionMask = 2147483647;
			dstPath = "";
			dstSubfolderSpec = 1;
			files = (
				518DACC70F103D7200BAAF3E /* Languages.xml in Copy Languages.xml */,
			);
			name = "Copy Languages.xml";
			runOnlyForDeploymentPostprocessing = 0;
		};
		51FCBE210F10380600FAEA4F /* Copy FileActions */ = {
			isa = PBXCopyFilesBuildPhase;
			buildActionMask = 2147483647;
			dstPath = FileActions;
			dstSubfolderSpec = 1;
			files = (
				51FCBE230F10390600FAEA4F /* Actions.xml in Copy FileActions */,
				51FCBE240F10390600FAEA4F /* Categories.xml in Copy FileActions */,
			);
			name = "Copy FileActions";
			runOnlyForDeploymentPostprocessing = 0;
		};
/* End PBXCopyFilesBuildPhase section */

/* Begin PBXFileReference section */
		089C1672FE841209C02AAC07 /* Foundation.framework */ = {isa = PBXFileReference; lastKnownFileType = wrapper.framework; name = Foundation.framework; path = /System/Library/Frameworks/Foundation.framework; sourceTree = "<absolute>"; };
		089C167EFE841241C02AAC07 /* English */ = {isa = PBXFileReference; fileEncoding = 10; lastKnownFileType = text.plist.strings; name = English; path = English.lproj/InfoPlist.strings; sourceTree = "<group>"; };
		089C167FFE841241C02AAC07 /* AppKit.framework */ = {isa = PBXFileReference; lastKnownFileType = wrapper.framework; name = AppKit.framework; path = /System/Library/Frameworks/AppKit.framework; sourceTree = "<absolute>"; };
		1058C7ADFEA557BF11CA2CBB /* Cocoa.framework */ = {isa = PBXFileReference; lastKnownFileType = wrapper.framework; name = Cocoa.framework; path = /System/Library/Frameworks/Cocoa.framework; sourceTree = "<absolute>"; };
		51C016690F0C6E38007CA021 /* SugarManager.xib */ = {isa = PBXFileReference; lastKnownFileType = file.xib; path = SugarManager.xib; sourceTree = "<group>"; };
		51C0172F0F0C7651007CA021 /* Actions.xml */ = {isa = PBXFileReference; fileEncoding = 4; lastKnownFileType = text.xml; path = Actions.xml; sourceTree = "<group>"; };
		51C017300F0C7651007CA021 /* Categories.xml */ = {isa = PBXFileReference; fileEncoding = 4; lastKnownFileType = text.xml; path = Categories.xml; sourceTree = "<group>"; };
		51C017420F0C7724007CA021 /* Prefix.pch */ = {isa = PBXFileReference; fileEncoding = 4; lastKnownFileType = sourcecode.c.h; path = Prefix.pch; sourceTree = "<group>"; };
		51C017430F0C7724007CA021 /* YRSugarManagerController.h */ = {isa = PBXFileReference; fileEncoding = 4; lastKnownFileType = sourcecode.c.h; path = YRSugarManagerController.h; sourceTree = "<group>"; };
		51C017440F0C7724007CA021 /* YRSugarManagerController.m */ = {isa = PBXFileReference; fileEncoding = 4; lastKnownFileType = sourcecode.c.objc; path = YRSugarManagerController.m; sourceTree = "<group>"; };
		51C017450F0C7724007CA021 /* YRSugarManagerOpeningAction.h */ = {isa = PBXFileReference; fileEncoding = 4; lastKnownFileType = sourcecode.c.h; path = YRSugarManagerOpeningAction.h; sourceTree = "<group>"; };
		51C017460F0C7724007CA021 /* YRSugarManagerOpeningAction.m */ = {isa = PBXFileReference; fileEncoding = 4; lastKnownFileType = sourcecode.c.objc; path = YRSugarManagerOpeningAction.m; sourceTree = "<group>"; };
		51C017670F0C7C23007CA021 /* YRSugarRepresentation.h */ = {isa = PBXFileReference; fileEncoding = 4; lastKnownFileType = sourcecode.c.h; path = YRSugarRepresentation.h; sourceTree = "<group>"; };
		51C017680F0C7C23007CA021 /* YRSugarRepresentation.m */ = {isa = PBXFileReference; fileEncoding = 4; lastKnownFileType = sourcecode.c.objc; path = YRSugarRepresentation.m; sourceTree = "<group>"; };
		51C019F60F0D3DAC007CA021 /* Languages.xml */ = {isa = PBXFileReference; fileEncoding = 4; lastKnownFileType = text.xml; path = Languages.xml; sourceTree = "<group>"; };
		8D5B49B6048680CD000E48DA /* SugarManager.sugar */ = {isa = PBXFileReference; explicitFileType = wrapper.cfbundle; includeInIndex = 0; path = SugarManager.sugar; sourceTree = BUILT_PRODUCTS_DIR; };
		8D5B49B7048680CD000E48DA /* Info.plist */ = {isa = PBXFileReference; fileEncoding = 4; lastKnownFileType = text.plist.xml; path = Info.plist; sourceTree = "<group>"; };
		D2F7E65807B2D6F200F64583 /* CoreData.framework */ = {isa = PBXFileReference; lastKnownFileType = wrapper.framework; name = CoreData.framework; path = /System/Library/Frameworks/CoreData.framework; sourceTree = "<absolute>"; };
/* End PBXFileReference section */

/* Begin PBXFrameworksBuildPhase section */
		8D5B49B3048680CD000E48DA /* Frameworks */ = {
			isa = PBXFrameworksBuildPhase;
			buildActionMask = 2147483647;
			files = (
				8D5B49B4048680CD000E48DA /* Cocoa.framework in Frameworks */,
			);
			runOnlyForDeploymentPostprocessing = 0;
		};
/* End PBXFrameworksBuildPhase section */

/* Begin PBXGroup section */
		089C166AFE841209C02AAC07 /* CSS */ = {
			isa = PBXGroup;
			children = (
				51FCBE220F1038EB00FAEA4F /* XML files */,
				51C017410F0C7724007CA021 /* Code */,
				089C167CFE841241C02AAC07 /* Resources */,
				089C1671FE841209C02AAC07 /* Frameworks and Libraries */,
				19C28FB8FE9D52D311CA2CBB /* Products */,
			);
			name = CSS;
			sourceTree = "<group>";
		};
		089C1671FE841209C02AAC07 /* Frameworks and Libraries */ = {
			isa = PBXGroup;
			children = (
				1058C7ACFEA557BF11CA2CBB /* Linked Frameworks */,
				1058C7AEFEA557BF11CA2CBB /* Other Frameworks */,
			);
			name = "Frameworks and Libraries";
			sourceTree = "<group>";
		};
		089C167CFE841241C02AAC07 /* Resources */ = {
			isa = PBXGroup;
			children = (
				8D5B49B7048680CD000E48DA /* Info.plist */,
				089C167DFE841241C02AAC07 /* InfoPlist.strings */,
				51C016690F0C6E38007CA021 /* SugarManager.xib */,
			);
			name = Resources;
			sourceTree = "<group>";
		};
		1058C7ACFEA557BF11CA2CBB /* Linked Frameworks */ = {
			isa = PBXGroup;
			children = (
				1058C7ADFEA557BF11CA2CBB /* Cocoa.framework */,
			);
			name = "Linked Frameworks";
			sourceTree = "<group>";
		};
		1058C7AEFEA557BF11CA2CBB /* Other Frameworks */ = {
			isa = PBXGroup;
			children = (
				089C167FFE841241C02AAC07 /* AppKit.framework */,
				D2F7E65807B2D6F200F64583 /* CoreData.framework */,
				089C1672FE841209C02AAC07 /* Foundation.framework */,
			);
			name = "Other Frameworks";
			sourceTree = "<group>";
		};
		19C28FB8FE9D52D311CA2CBB /* Products */ = {
			isa = PBXGroup;
			children = (
				8D5B49B6048680CD000E48DA /* SugarManager.sugar */,
			);
			name = Products;
			sourceTree = "<group>";
		};
		51C0172E0F0C7651007CA021 /* FileActions */ = {
			isa = PBXGroup;
			children = (
				51C0172F0F0C7651007CA021 /* Actions.xml */,
				51C017300F0C7651007CA021 /* Categories.xml */,
			);
			path = FileActions;
			sourceTree = "<group>";
		};
		51C017410F0C7724007CA021 /* Code */ = {
			isa = PBXGroup;
			children = (
				51C017420F0C7724007CA021 /* Prefix.pch */,
				51C017430F0C7724007CA021 /* YRSugarManagerController.h */,
				51C017440F0C7724007CA021 /* YRSugarManagerController.m */,
				51C017450F0C7724007CA021 /* YRSugarManagerOpeningAction.h */,
				51C017460F0C7724007CA021 /* YRSugarManagerOpeningAction.m */,
				51C017670F0C7C23007CA021 /* YRSugarRepresentation.h */,
				51C017680F0C7C23007CA021 /* YRSugarRepresentation.m */,
			);
			path = Code;
			sourceTree = "<group>";
		};
		51FCBE220F1038EB00FAEA4F /* XML files */ = {
			isa = PBXGroup;
			children = (
				51C019F60F0D3DAC007CA021 /* Languages.xml */,
				51C0172E0F0C7651007CA021 /* FileActions */,
			);
			name = "XML files";
			sourceTree = "<group>";
		};
/* End PBXGroup section */

/* Begin PBXNativeTarget section */
		8D5B49AC048680CD000E48DA /* SugarManager */ = {
			isa = PBXNativeTarget;
			buildConfigurationList = 1DEB913A08733D840010E9CD /* Build configuration list for PBXNativeTarget "SugarManager" */;
			buildPhases = (
				8D5B49AF048680CD000E48DA /* Resources */,
				8D5B49B1048680CD000E48DA /* Sources */,
				8D5B49B3048680CD000E48DA /* Frameworks */,
				51FCBE210F10380600FAEA4F /* Copy FileActions */,
				518DACD30F103D7E00BAAF3E /* Copy Languages.xml */,
				3D0E84440EC3EAA80022EEE4 /* Copy To Espresso */,
			);
			buildRules = (
			);
			dependencies = (
			);
			name = SugarManager;
			productInstallPath = "$(HOME)/Library/Bundles";
			productName = CSS;
			productReference = 8D5B49B6048680CD000E48DA /* SugarManager.sugar */;
			productType = "com.apple.product-type.bundle";
		};
/* End PBXNativeTarget section */

/* Begin PBXProject section */
		089C1669FE841209C02AAC07 /* Project object */ = {
			isa = PBXProject;
			buildConfigurationList = 1DEB913E08733D840010E9CD /* Build configuration list for PBXProject "SugarManager" */;
			compatibilityVersion = "Xcode 3.1";
			hasScannedForEncodings = 1;
			mainGroup = 089C166AFE841209C02AAC07 /* CSS */;
			projectDirPath = "";
			projectRoot = "";
			targets = (
				8D5B49AC048680CD000E48DA /* SugarManager */,
			);
		};
/* End PBXProject section */

/* Begin PBXResourcesBuildPhase section */
		8D5B49AF048680CD000E48DA /* Resources */ = {
			isa = PBXResourcesBuildPhase;
			buildActionMask = 2147483647;
			files = (
				8D5B49B0048680CD000E48DA /* InfoPlist.strings in Resources */,
				51C0166A0F0C6E38007CA021 /* SugarManager.xib in Resources */,
			);
			runOnlyForDeploymentPostprocessing = 0;
		};
/* End PBXResourcesBuildPhase section */

/* Begin PBXSourcesBuildPhase section */
		8D5B49B1048680CD000E48DA /* Sources */ = {
			isa = PBXSourcesBuildPhase;
			buildActionMask = 2147483647;
			files = (
				51C017470F0C7724007CA021 /* YRSugarManagerController.m in Sources */,
				51C017480F0C7724007CA021 /* YRSugarManagerOpeningAction.m in Sources */,
				51C017690F0C7C23007CA021 /* YRSugarRepresentation.m in Sources */,
			);
			runOnlyForDeploymentPostprocessing = 0;
		};
/* End PBXSourcesBuildPhase section */

/* Begin PBXVariantGroup section */
		089C167DFE841241C02AAC07 /* InfoPlist.strings */ = {
			isa = PBXVariantGroup;
			children = (
				089C167EFE841241C02AAC07 /* English */,
			);
			name = InfoPlist.strings;
			sourceTree = "<group>";
		};
/* End PBXVariantGroup section */

/* Begin XCBuildConfiguration section */
		1DEB913B08733D840010E9CD /* Debug */ = {
			isa = XCBuildConfiguration;
			buildSettings = {
				ALWAYS_SEARCH_USER_PATHS = NO;
				BUNDLE_LOADER = /Applications/Espresso.app/Contents/MacOS/Espresso;
				COPY_PHASE_STRIP = NO;
				GCC_DYNAMIC_NO_PIC = NO;
				GCC_ENABLE_FIX_AND_CONTINUE = YES;
				GCC_MODEL_TUNING = G5;
				GCC_OPTIMIZATION_LEVEL = 0;
				GCC_PRECOMPILE_PREFIX_HEADER = YES;
				GCC_PREFIX_HEADER = Code/Prefix.pch;
				INFOPLIST_FILE = Info.plist;
				INSTALL_PATH = "$(HOME)/Library/Bundles";
				PRODUCT_NAME = SugarManager;
				USER_HEADER_SEARCH_PATHS = /Applications/Espresso.app/Contents/Headers;
				WRAPPER_EXTENSION = sugar;
			};
			name = Debug;
		};
		1DEB913C08733D840010E9CD /* Release */ = {
			isa = XCBuildConfiguration;
			buildSettings = {
				ALWAYS_SEARCH_USER_PATHS = NO;
				BUNDLE_LOADER = /Applications/Espresso.app/Contents/MacOS/Espresso;
				DEBUG_INFORMATION_FORMAT = "dwarf-with-dsym";
				GCC_MODEL_TUNING = G5;
				GCC_PRECOMPILE_PREFIX_HEADER = YES;
				GCC_PREFIX_HEADER = "Code/XML+HTML_Prefix.pch";
				INFOPLIST_FILE = Info.plist;
				INSTALL_PATH = "$(HOME)/Library/Bundles";
				PRODUCT_NAME = "XML+HTML";
				USER_HEADER_SEARCH_PATHS = /Applications/Espresso.app/Contents/Headers;
				WRAPPER_EXTENSION = sugar;
			};
			name = Release;
		};
		1DEB913F08733D840010E9CD /* Debug */ = {
			isa = XCBuildConfiguration;
			buildSettings = {
				ARCHS = "$(ARCHS_STANDARD_32_BIT)";
				BUNDLE_LOADER = "$(ESPRESSO_PATH)/Contents/MacOS/Espresso";
				ESPRESSO_PATH = /Applications/Espresso.app;
				GCC_C_LANGUAGE_STANDARD = c99;
				GCC_OPTIMIZATION_LEVEL = 0;
				GCC_WARN_ABOUT_RETURN_TYPE = YES;
				GCC_WARN_UNUSED_VARIABLE = YES;
				HEADER_SEARCH_PATHS = "$(ESPRESSO_PATH)/Contents/Headers";
				ONLY_ACTIVE_ARCH = YES;
				PREBINDING = NO;
				SDKROOT = macosx10.5;
			};
			name = Debug;
		};
		1DEB914008733D840010E9CD /* Release */ = {
			isa = XCBuildConfiguration;
			buildSettings = {
				ARCHS = "$(ARCHS_STANDARD_32_BIT)";
				BUNDLE_LOADER = "$(ESPRESSO_PATH)/Contents/MacOS/Espresso";
				ESPRESSO_PATH = /Applications/Espresso.app;
				GCC_C_LANGUAGE_STANDARD = c99;
				GCC_TREAT_WARNINGS_AS_ERRORS = YES;
				GCC_WARN_ABOUT_RETURN_TYPE = YES;
				GCC_WARN_UNUSED_VARIABLE = YES;
				HEADER_SEARCH_PATHS = "$(ESPRESSO_PATH)/Contents/Headers";
				PREBINDING = NO;
				SDKROOT = macosx10.5;
			};
			name = Release;
		};
/* End XCBuildConfiguration section */

/* Begin XCConfigurationList section */
		1DEB913A08733D840010E9CD /* Build configuration list for PBXNativeTarget "SugarManager" */ = {
			isa = XCConfigurationList;
			buildConfigurations = (
				1DEB913B08733D840010E9CD /* Debug */,
				1DEB913C08733D840010E9CD /* Release */,
			);
			defaultConfigurationIsVisible = 0;
			defaultConfigurationName = Release;
		};
		1DEB913E08733D840010E9CD /* Build configuration list for PBXProject "SugarManager" */ = {
			isa = XCConfigurationList;
			buildConfigurations = (
				1DEB913F08733D840010E9CD /* Debug */,
				1DEB914008733D840010E9CD /* Release */,
			);
			defaultConfigurationIsVisible = 0;
			defaultConfigurationName = Release;
		};
/* End XCConfigurationList section */
	};
	rootObject = 089C1669FE841209C02AAC07 /* Project object */;
}
